{
  "name": "@shopify/shopify-app-session-storage-test-utils",
  "version": "4.0.5",
  "lockfileVersion": 3,
  "requires": true,
  "packages": {
    "": {
      "name": "@shopify/shopify-app-session-storage-test-utils",
      "version": "4.0.5",
      "license": "MIT",
      "devDependencies": {
        "@shopify/shopify-api": "^12.3.0",
        "@shopify/shopify-app-session-storage": "^4.0.5"
      },
      "peerDependencies": {
        "@shopify/shopify-api": "^12.0.0",
        "@shopify/shopify-app-session-storage": "^4.0.0"
      }
    },
    "node_modules/@shopify/admin-api-client": {
      "version": "1.1.1",
      "resolved": "https://registry.npmjs.org/@shopify/admin-api-client/-/admin-api-client-1.1.1.tgz",
      "integrity": "sha512-J/cdodM7jmk9yKxHnkrnVHP2Gm70w2dFA4O3ehPvIBsXvK0PwXmiRjQOCCPfyLo442awON5soQ/XuWVSUmZL/g==",
      "dev": true,
      "license": "MIT",
      "dependencies": {
        "@shopify/graphql-client": "^1.4.1"
      }
    },
    "node_modules/@shopify/graphql-client": {
      "version": "1.4.1",
      "resolved": "https://registry.npmjs.org/@shopify/graphql-client/-/graphql-client-1.4.1.tgz",
      "integrity": "sha512-/w4Uchx8ueI8gwmJd1ZbbIGndsjfMEFlzmay3P7rya5zj7K308xne/ggIvWDweueIut2qf1A8lI58xQl9Pu22w==",
      "dev": true,
      "license": "MIT"
    },
    "node_modules/@shopify/shopify-api": {
      "version": "12.3.0",
      "resolved": "https://registry.npmjs.org/@shopify/shopify-api/-/shopify-api-12.3.0.tgz",
      "integrity": "sha512-zeMhaZq57cM/8ef9edoVgZhzJxju4pQhPLBX93FYuPbR29f4K92KLlI4QZ+JV4qFKONhQewgXrSBuA/ILp2ZRw==",
      "dev": true,
      "license": "MIT",
      "dependencies": {
        "@shopify/admin-api-client": "^1.1.1",
        "@shopify/graphql-client": "^1.4.1",
        "@shopify/storefront-api-client": "^1.0.9",
        "compare-versions": "^6.1.1",
        "isbot": "^5.1.32",
        "jose": "^5.9.6",
        "lossless-json": "^4.3.0",
        "tslib": "^2.8.1"
      },
      "engines": {
        "node": ">=20.0.0"
      }
    },
    "node_modules/@shopify/shopify-app-session-storage": {
      "version": "4.0.5",
      "resolved": "https://registry.npmjs.org/@shopify/shopify-app-session-storage/-/shopify-app-session-storage-4.0.5.tgz",
      "integrity": "sha512-ZL6tV8hccOO1nTLmj5rbzl++SZhgokQ73CY4v30MRTem/IhbneQag3/tUg9rPjAaDrROEyokGeJTgOq2gD+1hg==",
      "dev": true,
      "license": "MIT",
      "peerDependencies": {
        "@shopify/shopify-api": "^12.0.0"
      }
    },
    "node_modules/@shopify/storefront-api-client": {
      "version": "1.0.9",
      "resolved": "https://registry.npmjs.org/@shopify/storefront-api-client/-/storefront-api-client-1.0.9.tgz",
      "integrity": "sha512-vgc0ZczMvrbsQQFYcIIONnIiqiafpcMyq5osI8X6PB65DhnmCQEp3kSlXKOjBPzyAWYvp28nLHS0+r4xsp4yQA==",
      "dev": true,
      "license": "MIT",
      "dependencies": {
        "@shopify/graphql-client": "^1.4.1"
      }
    },
    "node_modules/compare-versions": {
      "version": "6.1.1",
      "resolved": "https://registry.npmjs.org/compare-versions/-/compare-versions-6.1.1.tgz",
      "integrity": "sha512-4hm4VPpIecmlg59CHXnRDnqGplJFrbLG4aFEl5vl6cK1u76ws3LLvX7ikFnTDl5vo39sjWD6AaDPYodJp/NNHg==",
      "dev": true,
      "license": "MIT"
    },
    "node_modules/isbot": {
      "version": "5.1.32",
      "resolved": "https://registry.npmjs.org/isbot/-/isbot-5.1.32.tgz",
      "integrity": "sha512-VNfjM73zz2IBZmdShMfAUg10prm6t7HFUQmNAEOAVS4YH92ZrZcvkMcGX6cIgBJAzWDzPent/EeAtYEHNPNPBQ==",
      "dev": true,
      "license": "Unlicense",
      "engines": {
        "node": ">=18"
      }
    },
    "node_modules/jose": {
      "version": "5.10.0",
      "resolved": "https://registry.npmjs.org/jose/-/jose-5.10.0.tgz",
      "integrity": "sha512-s+3Al/p9g32Iq+oqXxkW//7jk2Vig6FF1CFqzVXoTUXt2qz89YWbL+OwS17NFYEvxC35n0FKeGO2LGYSxeM2Gg==",
      "dev": true,
      "license": "MIT",
      "funding": {
        "url": "https://github.com/sponsors/panva"
      }
    },
    "node_modules/lossless-json": {
      "version": "4.3.0",
      "resolved": "https://registry.npmjs.org/lossless-json/-/lossless-json-4.3.0.tgz",
      "integrity": "sha512-ToxOC+SsduRmdSuoLZLYAr5zy1Qu7l5XhmPWM3zefCZ5IcrzW/h108qbJUKfOlDlhvhjUK84+8PSVX0kxnit0g==",
      "dev": true,
      "license": "MIT"
    },
    "node_modules/tslib": {
      "version": "2.8.1",
      "resolved": "https://registry.npmjs.org/tslib/-/tslib-2.8.1.tgz",
      "integrity": "sha512-oJFu94HQb+KVduSUQL7wnpmqnfmLsOA/nAh6b6EH0wCEoK0/mPeXU6c3wKDV83MkOuHPRHtSXKKU99IBazS/2w==",
      "dev": true,
      "license": "0BSD"
    }
  }
}
